github.com/alexbrainman/odbc v0.0.0-20210605012845-39f8520b0d5f h1:qJp6jWdG+PBNCDtIwRpspahMaZ3hlfde/25ExBORKso=
github.com/alexbrainman/odbc v0.0.0-20210605012845-39f8520b0d5f/go.mod h1:c5eyz5amZqTKvY3ipqerFO/74a/8CYmXOahSr40c+Ww=
github.com/go-ole/go-ole v1.2.5/go.mod h1:pprOEPIfldk/42T2oK7lQ4v4JSDwmV0As9GaiUsvbm0=
github.com/go-sql-driver/mysql v1.6.0 h1:BCTh4TKNUYmOmMUcQ3IipzF5prigylS7XXjEkfCHuOE=
github.com/go-sql-driver/mysql v1.6.0/go.mod h1:DCzpHaOWr8IXmIStZouvnhqoel9Qv2LBy8hT2VhHyBg=
golang.org/x/sys v0.0.0-20190916202348-b4ddaad3f8a3 h1:7TYNF4UdlohbFwpNH04CoPMp1cHUZgO1Ebq5r2hIjfo=
golang.org/x/sys v0.0.0-20190916202348-b4ddaad3f8a3/go.mod h1:h1NjWce9XRLGQEsW7wpKNCjG9DtNlClVuFLEZdDNbEs=
